
Microsoft Visual Studio Solution File, Format Version 12.00
# Visual Studio Version 17
VisualStudioVersion = 17.0.31912.275
MinimumVisualStudioVersion = 10.0.40219.1
Project("{9A19103F-16F7-4668-BE54-9A1E7A4F7556}") = "MinimalAPI", "MinimalAPI\MinimalAPI.csproj", "{8094FF1D-4341-48D6-97FF-0E4492877CF1}"
EndProject
Project("{FAE04EC0-301F-11D3-BF4B-00C04F79EFBC}") = "MinimalAPI.Nbomber", "MinimalAPI.Nbomber\MinimalAPI.Nbomber.csproj", "{375E5B6A-8E78-46D8-B994-A38A7426BBDC}"
EndProject
Global
	GlobalSection(SolutionConfigurationPlatforms) = preSolution
		Debug|Any CPU = Debug|Any CPU
		Release|Any CPU = Release|Any CPU
	EndGlobalSection
	GlobalSection(ProjectConfigurationPlatforms) = postSolution
		{8094FF1D-4341-48D6-97FF-0E4492877CF1}.Debug|Any CPU.ActiveCfg = Debug|Any CPU
		{8094FF1D-4341-48D6-97FF-0E4492877CF1}.Debug|Any CPU.Build.0 = Debug|Any CPU
		{8094FF1D-4341-48D6-97FF-0E4492877CF1}.Release|Any CPU.ActiveCfg = Release|Any CPU
		{8094FF1D-4341-48D6-97FF-0E4492877CF1}.Release|Any CPU.Build.0 = Release|Any CPU
		{375E5B6A-8E78-46D8-B994-A38A7426BBDC}.Debug|Any CPU.ActiveCfg = Debug|Any CPU
		{375E5B6A-8E78-46D8-B994-A38A7426BBDC}.Debug|Any CPU.Build.0 = Debug|Any CPU
		{375E5B6A-8E78-46D8-B994-A38A7426BBDC}.Release|Any CPU.ActiveCfg = Release|Any CPU
		{375E5B6A-8E78-46D8-B994-A38A7426BBDC}.Release|Any CPU.Build.0 = Release|Any CPU
	EndGlobalSection
	GlobalSection(SolutionProperties) = preSolution
		HideSolutionNode = FALSE
	EndGlobalSection
	GlobalSection(ExtensibilityGlobals) = postSolution
		SolutionGuid = {06241D8A-95C2-488C-B5BC-615C8B12D845}
	EndGlobalSection
EndGlobal
